
Microsoft Visual Studio Solution File, Format Version 12.00
# Visual Studio Version 16
VisualStudioVersion = 16.0.33328.57
MinimumVisualStudioVersion = 10.0.40219.1
Project("{9A19103F-16F7-4668-BE54-9A1E7A4F7556}") = "ADO.NET", "ADO.NOT\ADO.NET.csproj", "{17502C2C-E95E-4268-AD8A-D19D09F7644A}"
EndProject
Project("{9A19103F-16F7-4668-BE54-9A1E7A4F7556}") = "HomeWork1_ADO.NET", "HomeWork1_ADO.NET\HomeWork1_ADO.NET.csproj", "{76F071FF-9B8A-4AC3-9147-84EB41BB7C87}"
EndProject
Project("{9A19103F-16F7-4668-BE54-9A1E7A4F7556}") = "DB", "DB\DB.csproj", "{F14C7270-8E5A-4FD6-8B10-969C2F46D625}"
EndProject
Project("{9A19103F-16F7-4668-BE54-9A1E7A4F7556}") = "ADO.NET_2", "ADO.NET_2\ADO.NET_2.csproj", "{DD3B89A1-9A40-412A-B31E-5E63CA499A81}"
EndProject
Project("{9A19103F-16F7-4668-BE54-9A1E7A4F7556}") = "HomeWork2_ADO.NET", "HomeWork2_ADO.NET\HomeWork2_ADO.NET.csproj", "{4024FC74-4F48-4033-A0E6-44899D5BF0B2}"
EndProject
Project("{FAE04EC0-301F-11D3-BF4B-00C04F79EFBC}") = "MyDapper", "Dapper\MyDapper.csproj", "{FC995B0B-5CA6-4029-9E87-3BF407810DC6}"
EndProject
Global
	GlobalSection(SolutionConfigurationPlatforms) = preSolution
		Debug|Any CPU = Debug|Any CPU
		Release|Any CPU = Release|Any CPU
	EndGlobalSection
	GlobalSection(ProjectConfigurationPlatforms) = postSolution
		{17502C2C-E95E-4268-AD8A-D19D09F7644A}.Debug|Any CPU.ActiveCfg = Debug|Any CPU
		{17502C2C-E95E-4268-AD8A-D19D09F7644A}.Debug|Any CPU.Build.0 = Debug|Any CPU
		{17502C2C-E95E-4268-AD8A-D19D09F7644A}.Release|Any CPU.ActiveCfg = Release|Any CPU
		{17502C2C-E95E-4268-AD8A-D19D09F7644A}.Release|Any CPU.Build.0 = Release|Any CPU
		{76F071FF-9B8A-4AC3-9147-84EB41BB7C87}.Debug|Any CPU.ActiveCfg = Debug|Any CPU
		{76F071FF-9B8A-4AC3-9147-84EB41BB7C87}.Debug|Any CPU.Build.0 = Debug|Any CPU
		{76F071FF-9B8A-4AC3-9147-84EB41BB7C87}.Release|Any CPU.ActiveCfg = Release|Any CPU
		{76F071FF-9B8A-4AC3-9147-84EB41BB7C87}.Release|Any CPU.Build.0 = Release|Any CPU
		{F14C7270-8E5A-4FD6-8B10-969C2F46D625}.Debug|Any CPU.ActiveCfg = Debug|Any CPU
		{F14C7270-8E5A-4FD6-8B10-969C2F46D625}.Debug|Any CPU.Build.0 = Debug|Any CPU
		{F14C7270-8E5A-4FD6-8B10-969C2F46D625}.Release|Any CPU.ActiveCfg = Release|Any CPU
		{F14C7270-8E5A-4FD6-8B10-969C2F46D625}.Release|Any CPU.Build.0 = Release|Any CPU
		{DD3B89A1-9A40-412A-B31E-5E63CA499A81}.Debug|Any CPU.ActiveCfg = Debug|Any CPU
		{DD3B89A1-9A40-412A-B31E-5E63CA499A81}.Debug|Any CPU.Build.0 = Debug|Any CPU
		{DD3B89A1-9A40-412A-B31E-5E63CA499A81}.Release|Any CPU.ActiveCfg = Release|Any CPU
		{DD3B89A1-9A40-412A-B31E-5E63CA499A81}.Release|Any CPU.Build.0 = Release|Any CPU
		{4024FC74-4F48-4033-A0E6-44899D5BF0B2}.Debug|Any CPU.ActiveCfg = Debug|Any CPU
		{4024FC74-4F48-4033-A0E6-44899D5BF0B2}.Debug|Any CPU.Build.0 = Debug|Any CPU
		{4024FC74-4F48-4033-A0E6-44899D5BF0B2}.Release|Any CPU.ActiveCfg = Release|Any CPU
		{4024FC74-4F48-4033-A0E6-44899D5BF0B2}.Release|Any CPU.Build.0 = Release|Any CPU
		{FC995B0B-5CA6-4029-9E87-3BF407810DC6}.Debug|Any CPU.ActiveCfg = Debug|Any CPU
		{FC995B0B-5CA6-4029-9E87-3BF407810DC6}.Debug|Any CPU.Build.0 = Debug|Any CPU
		{FC995B0B-5CA6-4029-9E87-3BF407810DC6}.Release|Any CPU.ActiveCfg = Release|Any CPU
		{FC995B0B-5CA6-4029-9E87-3BF407810DC6}.Release|Any CPU.Build.0 = Release|Any CPU
	EndGlobalSection
	GlobalSection(SolutionProperties) = preSolution
		HideSolutionNode = FALSE
	EndGlobalSection
	GlobalSection(ExtensibilityGlobals) = postSolution
		SolutionGuid = {ABFBD22B-7B54-45E2-A279-1F171717E5C7}
	EndGlobalSection
EndGlobal
